dependencies:
- name: kafka
  repository: oci://registry-1.docker.io/bitnamicharts
  version: 26.2.0
- name: console
  repository: https://charts.redpanda.com
  version: 0.7.6
- name: mongodb
  repository: https://groundhog2k.github.io/helm-charts/
  version: 0.6.0
- name: mongo-express
  repository: https://cowboysysop.github.io/charts/
  version: 5.2.0
- name: redis
  repository: https://charts.bitnami.com/bitnami
  version: 18.1.6
- name: elasticsearch
  repository: oci://registry-1.docker.io/bitnamicharts
  version: 19.13.5
digest: sha256:ef9a1faef1491352a76d5da37355baa860aad5d98eb72f1283c8a8528cbae591
generated: "2024-02-23T10:19:17.7540844+02:00"
